
Microsoft Visual Studio Solution File, Format Version 12.00
# Visual Studio Version 17
VisualStudioVersion = 17.1.32407.343
MinimumVisualStudioVersion = 10.0.40219.1
Project("{FAE04EC0-301F-11D3-BF4B-00C04F79EFBC}") = "QuestTools", "QuestTools\QuestTools.csproj", "{F8F4C96B-0E3E-45F9-BE9F-5B4164518C74}"
EndProject
Project("{9A19103F-16F7-4668-BE54-9A1E7A4F7556}") = "ComputerUtils", "..\ComputerUtils\ComputerUtils\ComputerUtils.csproj", "{4A7DDAAA-0A9A-4CF8-AF29-CFC186F356FF}"
EndProject
Global
	GlobalSection(SolutionConfigurationPlatforms) = preSolution
		Debug|Any CPU = Debug|Any CPU
		Release|Any CPU = Release|Any CPU
	EndGlobalSection
	GlobalSection(ProjectConfigurationPlatforms) = postSolution
		{F8F4C96B-0E3E-45F9-BE9F-5B4164518C74}.Debug|Any CPU.ActiveCfg = Debug|Any CPU
		{F8F4C96B-0E3E-45F9-BE9F-5B4164518C74}.Debug|Any CPU.Build.0 = Debug|Any CPU
		{F8F4C96B-0E3E-45F9-BE9F-5B4164518C74}.Release|Any CPU.ActiveCfg = Release|Any CPU
		{F8F4C96B-0E3E-45F9-BE9F-5B4164518C74}.Release|Any CPU.Build.0 = Release|Any CPU
		{4A7DDAAA-0A9A-4CF8-AF29-CFC186F356FF}.Debug|Any CPU.ActiveCfg = Debug|Any CPU
		{4A7DDAAA-0A9A-4CF8-AF29-CFC186F356FF}.Debug|Any CPU.Build.0 = Debug|Any CPU
		{4A7DDAAA-0A9A-4CF8-AF29-CFC186F356FF}.Release|Any CPU.ActiveCfg = Release|Any CPU
		{4A7DDAAA-0A9A-4CF8-AF29-CFC186F356FF}.Release|Any CPU.Build.0 = Release|Any CPU
	EndGlobalSection
	GlobalSection(SolutionProperties) = preSolution
		HideSolutionNode = FALSE
	EndGlobalSection
	GlobalSection(ExtensibilityGlobals) = postSolution
		SolutionGuid = {51B16A17-09EA-4F2B-9811-3DA871A2700E}
	EndGlobalSection
EndGlobal
